{
  "name": "ver",
  "lockfileVersion": 3,
  "requires": true,
  "packages": {
    "": {
      "name": "ver",
      "dependencies": {
        "commander": "^13.1.0",
        "zx": "^8.4.1"
      }
    },
    "node_modules/commander": {
      "version": "13.1.0",
      "resolved": "https://registry.npmjs.org/commander/-/commander-13.1.0.tgz",
      "integrity": "sha512-/rFeCpNJQbhSZjGVwO9RFV3xPqbnERS8MmIQzCtD/zl6gpJuV/bMLuN92oG3F7d8oDEHHRrujSXNUr8fpjntKw==",
      "license": "MIT",
      "engines": {
        "node": ">=18"
      }
    },
    "node_modules/zx": {
      "version": "8.4.1",
      "resolved": "https://registry.npmjs.org/zx/-/zx-8.4.1.tgz",
      "integrity": "sha512-1Cb+Tfwt/daKV6wckBeDbB6h3IMauqj9KWp+EcbYzi9doeJeIHCktxp/yWspXOXRdoUzBCQSKoUgm3g8r9fz5A==",
      "license": "Apache-2.0",
      "bin": {
        "zx": "build/cli.js"
      },
      "engines": {
        "node": ">= 12.17.0"
      }
    }
  }
}
